
Microsoft Visual Studio Solution File, Format Version 12.00
# Visual Studio Version 17
VisualStudioVersion = 17.0.32126.317
MinimumVisualStudioVersion = 10.0.40219.1
Project("{FAE04EC0-301F-11D3-BF4B-00C04F79EFBC}") = "Интерактивное задание", "Интерактивное задание\Интерактивное задание.csproj", "{278C26DC-89A5-4F3B-B161-E21DCC74DBBB}"
EndProject
Global
	GlobalSection(SolutionConfigurationPlatforms) = preSolution
		Debug|Any CPU = Debug|Any CPU
		Release|Any CPU = Release|Any CPU
	EndGlobalSection
	GlobalSection(ProjectConfigurationPlatforms) = postSolution
		{278C26DC-89A5-4F3B-B161-E21DCC74DBBB}.Debug|Any CPU.ActiveCfg = Debug|Any CPU
		{278C26DC-89A5-4F3B-B161-E21DCC74DBBB}.Debug|Any CPU.Build.0 = Debug|Any CPU
		{278C26DC-89A5-4F3B-B161-E21DCC74DBBB}.Release|Any CPU.ActiveCfg = Release|Any CPU
		{278C26DC-89A5-4F3B-B161-E21DCC74DBBB}.Release|Any CPU.Build.0 = Release|Any CPU
	EndGlobalSection
	GlobalSection(SolutionProperties) = preSolution
		HideSolutionNode = FALSE
	EndGlobalSection
	GlobalSection(ExtensibilityGlobals) = postSolution
		SolutionGuid = {D50A45F7-A0E8-453C-BF0D-20141014C575}
	EndGlobalSection
EndGlobal
